<?xml version="1.0" encoding="utf-8"?>
<Project ToolsVersion="4.0" xmlns="http://schemas.microsoft.com/developer/msbuild/2003">
  <ItemGroup>
    <Filter Include="Source Files">
      <UniqueIdentifier>{4FC737F1-C7A5-4376-A066-2A32D752A2FF}</UniqueIdentifier>
      <Extensions>cpp;c;cc;cxx;c++;cppm;ixx;def;odl;idl;hpj;bat;asm;asmx</Extensions>
    </Filter>
    <Filter Include="Header Files">
      <UniqueIdentifier>{93995380-89BD-4b04-88EB-625FBE52EBFB}</UniqueIdentifier>
      <Extensions>h;hh;hpp;hxx;h++;hm;inl;inc;ipp;xsd</Extensions>
    </Filter>
    <Filter Include="Resource Files">
      <UniqueIdentifier>{67DA6AB6-F800-4c08-8B7A-83BB121AAD01}</UniqueIdentifier>
      <Extensions>rc;ico;cur;bmp;dlg;rc2;rct;bin;rgs;gif;jpg;jpeg;jpe;resx;tiff;tif;png;wav;mfcribbon-ms</Extensions>
    </Filter>
    <Filter Include="Resource Files\Test Character">
      <UniqueIdentifier>{c609a67b-9847-42f1-b52f-e7036a51be51}</UniqueIdentifier>
    </Filter>
    <Filter Include="Resource Files\Tiled">
      <UniqueIdentifier>{cfea1e25-093d-4851-8b4f-478244b23902}</UniqueIdentifier>
    </Filter>
    <Filter Include="Resource Files\Background">
      <UniqueIdentifier>{b2d23148-cc16-4998-8fdb-96629074fe3a}</UniqueIdentifier>
    </Filter>
    <Filter Include="Resource Files\Entities">
      <UniqueIdentifier>{8b6b9b27-5e84-4d56-9a4c-1d5a619a8bbe}</UniqueIdentifier>
    </Filter>
    <Filter Include="Resource Files\Entities\Gems">
      <UniqueIdentifier>{8dc5c7a7-9b26-4bce-9bad-788a57daf265}</UniqueIdentifier>
    </Filter>
  </ItemGroup>
  <ItemGroup>
    <ClCompile Include="main.cpp">
      <Filter>Source Files</Filter>
    </ClCompile>
    <ClCompile Include="Program.cpp">
      <Filter>Source Files</Filter>
    </ClCompile>
    <ClCompile Include="TextureManager.cpp">
      <Filter>Source Files</Filter>
    </ClCompile>
    <ClCompile Include="Game.cpp">
      <Filter>Source Files</Filter>
    </ClCompile>
    <ClCompile Include="Entity.cpp">
      <Filter>Source Files</Filter>
    </ClCompile>
    <ClCompile Include="Player.cpp">
      <Filter>Source Files</Filter>
    </ClCompile>
    <ClCompile Include="Background.cpp">
      <Filter>Source Files</Filter>
    </ClCompile>
    <ClCompile Include="Level.cpp">
      <Filter>Source Files</Filter>
    </ClCompile>
    <ClCompile Include="EntityFactory.cpp">
      <Filter>Source Files</Filter>
    </ClCompile>
    <ClCompile Include="ResourceContainer.cpp">
      <Filter>Source Files</Filter>
    </ClCompile>
    <ClCompile Include="PlayerView.cpp">
      <Filter>Source Files</Filter>
    </ClCompile>
    <ClCompile Include="Animatable.cpp">
      <Filter>Source Files</Filter>
    </ClCompile>
    <ClCompile Include="Emerald.cpp">
      <Filter>Source Files</Filter>
    </ClCompile>
    <ClCompile Include="Chest.cpp">
      <Filter>Source Files</Filter>
    </ClCompile>
    <ClCompile Include="Toggle.cpp">
      <Filter>Source Files</Filter>
    </ClCompile>
  </ItemGroup>
  <ItemGroup>
    <ClInclude Include="Program.h">
      <Filter>Header Files</Filter>
    </ClInclude>
    <ClInclude Include="Game.h">
      <Filter>Header Files</Filter>
    </ClInclude>
    <ClInclude Include="TextureManager.h">
      <Filter>Header Files</Filter>
    </ClInclude>
    <ClInclude Include="Entity.h">
      <Filter>Header Files</Filter>
    </ClInclude>
    <ClInclude Include="Player.h">
      <Filter>Header Files</Filter>
    </ClInclude>
    <ClInclude Include="Background.h">
      <Filter>Header Files</Filter>
    </ClInclude>
    <ClInclude Include="Level.h">
      <Filter>Header Files</Filter>
    </ClInclude>
    <ClInclude Include="EntityFactory.h">
      <Filter>Header Files</Filter>
    </ClInclude>
    <ClInclude Include="ResourceContainer.h">
      <Filter>Header Files</Filter>
    </ClInclude>
    <ClInclude Include="PlayerView.h">
      <Filter>Header Files</Filter>
    </ClInclude>
    <ClInclude Include="Animatable.h">
      <Filter>Header Files</Filter>
    </ClInclude>
    <ClInclude Include="Emerald.h">
      <Filter>Header Files</Filter>
    </ClInclude>
    <ClInclude Include="ContactHandler.h">
      <Filter>Header Files</Filter>
    </ClInclude>
    <ClInclude Include="Chest.h">
      <Filter>Header Files</Filter>
    </ClInclude>
    <ClInclude Include="Toggle.h">
      <Filter>Header Files</Filter>
    </ClInclude>
  </ItemGroup>
  <ItemGroup>
    <Image Include="Idle.png">
      <Filter>Resource Files\Test Character</Filter>
    </Image>
    <Image Include="Double_Jump.png">
      <Filter>Resource Files\Test Character</Filter>
    </Image>
    <Image Include="Fall.png">
      <Filter>Resource Files\Test Character</Filter>
    </Image>
    <Image Include="Hit.png">
      <Filter>Resource Files\Test Character</Filter>
    </Image>
    <Image Include="Jump.png">
      <Filter>Resource Files\Test Character</Filter>
    </Image>
    <Image Include="Run.png">
      <Filter>Resource Files\Test Character</Filter>
    </Image>
    <Image Include="Wall_Jump.png">
      <Filter>Resource Files\Test Character</Filter>
    </Image>
    <Image Include="clouds_1.png">
      <Filter>Resource Files\Background</Filter>
    </Image>
    <Image Include="clouds_2.png">
      <Filter>Resource Files\Background</Filter>
    </Image>
    <Image Include="ground_1.png">
      <Filter>Resource Files\Background</Filter>
    </Image>
    <Image Include="ground_2.png">
      <Filter>Resource Files\Background</Filter>
    </Image>
    <Image Include="ground_3.png">
      <Filter>Resource Files\Background</Filter>
    </Image>
    <Image Include="plant.png">
      <Filter>Resource Files\Background</Filter>
    </Image>
    <Image Include="rocks.png">
      <Filter>Resource Files\Background</Filter>
    </Image>
    <Image Include="sky.png">
      <Filter>Resource Files\Background</Filter>
    </Image>
    <Image Include="Tiled\Backgrounds\1.png">
      <Filter>Resource Files\Tiled</Filter>
    </Image>
    <Image Include="Tiled\Backgrounds\2.png">
      <Filter>Resource Files\Tiled</Filter>
    </Image>
    <Image Include="Tiled\Backgrounds\3.png">
      <Filter>Resource Files\Tiled</Filter>
    </Image>
    <Image Include="Tiled\Backgrounds\4.png">
      <Filter>Resource Files\Tiled</Filter>
    </Image>
    <Image Include="Tiled\Backgrounds\5.png">
      <Filter>Resource Files\Tiled</Filter>
    </Image>
    <Image Include="Tiled\Backgrounds\6.png">
      <Filter>Resource Files\Tiled</Filter>
    </Image>
    <Image Include="Tiled\GUI.png">
      <Filter>Resource Files\Tiled</Filter>
    </Image>
    <Image Include="Tiled\Tileset.png">
      <Filter>Resource Files\Tiled</Filter>
    </Image>
    <Image Include="Entities\chest_closed.png">
      <Filter>Resource Files\Entities</Filter>
    </Image>
    <Image Include="Entities\chest_opened.png">
      <Filter>Resource Files\Entities</Filter>
    </Image>
    <Image Include="Entities\door1.png">
      <Filter>Resource Files\Entities</Filter>
    </Image>
    <Image Include="Entities\door2.png">
      <Filter>Resource Files\Entities</Filter>
    </Image>
    <Image Include="Entities\door3.png">
      <Filter>Resource Files\Entities</Filter>
    </Image>
    <Image Include="Entities\door4.png">
      <Filter>Resource Files\Entities</Filter>
    </Image>
    <Image Include="Entities\lever1.png">
      <Filter>Resource Files\Entities</Filter>
    </Image>
    <Image Include="Entities\lever2.png">
      <Filter>Resource Files\Entities</Filter>
    </Image>
    <Image Include="Entities\key.png">
      <Filter>Resource Files\Entities</Filter>
    </Image>
    <Image Include="Entities\Gems\1.png">
      <Filter>Resource Files\Entities\Gems</Filter>
    </Image>
    <Image Include="Entities\Gems\2.png">
      <Filter>Resource Files\Entities\Gems</Filter>
    </Image>
    <Image Include="Entities\Gems\3.png">
      <Filter>Resource Files\Entities\Gems</Filter>
    </Image>
    <Image Include="Entities\Gems\4.png">
      <Filter>Resource Files\Entities\Gems</Filter>
    </Image>
    <Image Include="Entities\Gems\5.png">
      <Filter>Resource Files\Entities\Gems</Filter>
    </Image>
    <Image Include="Entities\Gems\6.png">
      <Filter>Resource Files\Entities\Gems</Filter>
    </Image>
  </ItemGroup>
  <ItemGroup>
    <None Include="Tiled\1.tmx">
      <Filter>Resource Files\Tiled</Filter>
    </None>
    <None Include="Tiled\2.tmx">
      <Filter>Resource Files\Tiled</Filter>
    </None>
    <None Include="Tiled\3.tmx">
      <Filter>Resource Files\Tiled</Filter>
    </None>
    <None Include="Tiled\4.tmx">
      <Filter>Resource Files\Tiled</Filter>
    </None>
    <None Include="Tiled\Tileset.tsx">
      <Filter>Resource Files\Tiled</Filter>
    </None>
  </ItemGroup>
</Project>